
Microsoft Visual Studio Solution File, Format Version 12.00
# Visual Studio Version 16
VisualStudioVersion = 16.0.31019.35
MinimumVisualStudioVersion = 10.0.40219.1
Project("{9A19103F-16F7-4668-BE54-9A1E7A4F7556}") = "BlazorBlogProject.Server", "BlazorBlogProject\Server\BlazorBlogProject.Server.csproj", "{0CDB599B-8173-4CE8-92CD-E46A4FEC3357}"
EndProject
Project("{9A19103F-16F7-4668-BE54-9A1E7A4F7556}") = "BlazorBlogProject.Client", "BlazorBlogProject\Client\BlazorBlogProject.Client.csproj", "{39450A73-EFF6-4589-85C0-4BC251CAEDE1}"
EndProject
Project("{9A19103F-16F7-4668-BE54-9A1E7A4F7556}") = "BlazorBlogProject.Shared", "BlazorBlogProject\Shared\BlazorBlogProject.Shared.csproj", "{0A86CCC5-A8F3-48AD-8249-E25B82BB1742}"
EndProject
Global
	GlobalSection(SolutionConfigurationPlatforms) = preSolution
		Debug|Any CPU = Debug|Any CPU
		Release|Any CPU = Release|Any CPU
	EndGlobalSection
	GlobalSection(ProjectConfigurationPlatforms) = postSolution
		{0CDB599B-8173-4CE8-92CD-E46A4FEC3357}.Debug|Any CPU.ActiveCfg = Debug|Any CPU
		{0CDB599B-8173-4CE8-92CD-E46A4FEC3357}.Debug|Any CPU.Build.0 = Debug|Any CPU
		{0CDB599B-8173-4CE8-92CD-E46A4FEC3357}.Release|Any CPU.ActiveCfg = Release|Any CPU
		{0CDB599B-8173-4CE8-92CD-E46A4FEC3357}.Release|Any CPU.Build.0 = Release|Any CPU
		{39450A73-EFF6-4589-85C0-4BC251CAEDE1}.Debug|Any CPU.ActiveCfg = Debug|Any CPU
		{39450A73-EFF6-4589-85C0-4BC251CAEDE1}.Debug|Any CPU.Build.0 = Debug|Any CPU
		{39450A73-EFF6-4589-85C0-4BC251CAEDE1}.Release|Any CPU.ActiveCfg = Release|Any CPU
		{39450A73-EFF6-4589-85C0-4BC251CAEDE1}.Release|Any CPU.Build.0 = Release|Any CPU
		{0A86CCC5-A8F3-48AD-8249-E25B82BB1742}.Debug|Any CPU.ActiveCfg = Debug|Any CPU
		{0A86CCC5-A8F3-48AD-8249-E25B82BB1742}.Debug|Any CPU.Build.0 = Debug|Any CPU
		{0A86CCC5-A8F3-48AD-8249-E25B82BB1742}.Release|Any CPU.ActiveCfg = Release|Any CPU
		{0A86CCC5-A8F3-48AD-8249-E25B82BB1742}.Release|Any CPU.Build.0 = Release|Any CPU
	EndGlobalSection
	GlobalSection(SolutionProperties) = preSolution
		HideSolutionNode = FALSE
	EndGlobalSection
	GlobalSection(ExtensibilityGlobals) = postSolution
		SolutionGuid = {72293316-D1C2-4FEE-B354-7F153A5A1AAE}
	EndGlobalSection
EndGlobal
